
Microsoft Visual Studio Solution File, Format Version 12.00
# Visual Studio Version 17
VisualStudioVersion = 17.2.32519.379
MinimumVisualStudioVersion = 10.0.40219.1
Project("{9A19103F-16F7-4668-BE54-9A1E7A4F7556}") = "AwoBot.AudioCore", "AwoBot.AudioCore\AwoBot.AudioCore.csproj", "{CDFA87BC-F93E-4922-8722-67CF5423C91B}"
EndProject
Project("{FAE04EC0-301F-11D3-BF4B-00C04F79EFBC}") = "AwoBot.AudioCore.EntityFramework", "AwoBot.AudioCore.EntityFramework\AwoBot.AudioCore.EntityFramework.csproj", "{32051126-C6D1-4C0E-A7D8-E6FA82F778EA}"
EndProject
Project("{FAE04EC0-301F-11D3-BF4B-00C04F79EFBC}") = "AwoBot.AudioCore.Youtube", "AwoBot.AudioCore.Youtube\AwoBot.AudioCore.Youtube.csproj", "{1B174CBC-32B2-4BE0-87FB-B65AD395E3C1}"
EndProject
Project("{FAE04EC0-301F-11D3-BF4B-00C04F79EFBC}") = "AwoBot.AudioCore.TestBot", "AwoBot.AudioCore.TestBot\AwoBot.AudioCore.TestBot.csproj", "{A2D1B320-1D48-4CCE-9124-A77CE2179386}"
EndProject
Global
	GlobalSection(SolutionConfigurationPlatforms) = preSolution
		Debug|Any CPU = Debug|Any CPU
		Release|Any CPU = Release|Any CPU
	EndGlobalSection
	GlobalSection(ProjectConfigurationPlatforms) = postSolution
		{CDFA87BC-F93E-4922-8722-67CF5423C91B}.Debug|Any CPU.ActiveCfg = Debug|Any CPU
		{CDFA87BC-F93E-4922-8722-67CF5423C91B}.Debug|Any CPU.Build.0 = Debug|Any CPU
		{CDFA87BC-F93E-4922-8722-67CF5423C91B}.Release|Any CPU.ActiveCfg = Release|Any CPU
		{CDFA87BC-F93E-4922-8722-67CF5423C91B}.Release|Any CPU.Build.0 = Release|Any CPU
		{32051126-C6D1-4C0E-A7D8-E6FA82F778EA}.Debug|Any CPU.ActiveCfg = Debug|Any CPU
		{32051126-C6D1-4C0E-A7D8-E6FA82F778EA}.Debug|Any CPU.Build.0 = Debug|Any CPU
		{32051126-C6D1-4C0E-A7D8-E6FA82F778EA}.Release|Any CPU.ActiveCfg = Release|Any CPU
		{32051126-C6D1-4C0E-A7D8-E6FA82F778EA}.Release|Any CPU.Build.0 = Release|Any CPU
		{1B174CBC-32B2-4BE0-87FB-B65AD395E3C1}.Debug|Any CPU.ActiveCfg = Debug|Any CPU
		{1B174CBC-32B2-4BE0-87FB-B65AD395E3C1}.Debug|Any CPU.Build.0 = Debug|Any CPU
		{1B174CBC-32B2-4BE0-87FB-B65AD395E3C1}.Release|Any CPU.ActiveCfg = Release|Any CPU
		{1B174CBC-32B2-4BE0-87FB-B65AD395E3C1}.Release|Any CPU.Build.0 = Release|Any CPU
		{A2D1B320-1D48-4CCE-9124-A77CE2179386}.Debug|Any CPU.ActiveCfg = Debug|Any CPU
		{A2D1B320-1D48-4CCE-9124-A77CE2179386}.Debug|Any CPU.Build.0 = Debug|Any CPU
		{A2D1B320-1D48-4CCE-9124-A77CE2179386}.Release|Any CPU.ActiveCfg = Release|Any CPU
		{A2D1B320-1D48-4CCE-9124-A77CE2179386}.Release|Any CPU.Build.0 = Release|Any CPU
	EndGlobalSection
	GlobalSection(SolutionProperties) = preSolution
		HideSolutionNode = FALSE
	EndGlobalSection
	GlobalSection(ExtensibilityGlobals) = postSolution
		SolutionGuid = {6EF5AAB2-1EBA-47DD-88B1-4E6C32E0F7FD}
	EndGlobalSection
EndGlobal
